// !$*UTF8*$!
{
	archiveVersion = 1;
	classes = {
	};
	objectVersion = 55;
	objects = {

/* Begin PBXBuildFile section */
		40193A0827A9229200E19E7F /* ScoreVC.swift in Sources */ = {isa = PBXBuildFile; fileRef = 40193A0727A9229200E19E7F /* ScoreVC.swift */; };
		4029D74D2793E994009CF961 /* Card.swift in Sources */ = {isa = PBXBuildFile; fileRef = 4029D74C2793E994009CF961 /* Card.swift */; };
		4029D7752793F970009CF961 /* Game.swift in Sources */ = {isa = PBXBuildFile; fileRef = 4029D7742793F970009CF961 /* Game.swift */; };
		405F98C127A5B65E00DD7148 /* Colors.swift in Sources */ = {isa = PBXBuildFile; fileRef = 405F98C027A5B65E00DD7148 /* Colors.swift */; };
		405F98C327A5B67D00DD7148 /* LoginVC.swift in Sources */ = {isa = PBXBuildFile; fileRef = 405F98C227A5B67D00DD7148 /* LoginVC.swift */; };
		4066E71A278EF146003793CF /* AppDelegate.swift in Sources */ = {isa = PBXBuildFile; fileRef = 4066E719278EF146003793CF /* AppDelegate.swift */; };
		4066E71C278EF146003793CF /* SceneDelegate.swift in Sources */ = {isa = PBXBuildFile; fileRef = 4066E71B278EF146003793CF /* SceneDelegate.swift */; };
		4066E721278EF146003793CF /* Main.storyboard in Resources */ = {isa = PBXBuildFile; fileRef = 4066E71F278EF146003793CF /* Main.storyboard */; };
		4066E724278EF146003793CF /* ProjectGame.xcdatamodeld in Sources */ = {isa = PBXBuildFile; fileRef = 4066E722278EF146003793CF /* ProjectGame.xcdatamodeld */; };
		4066E726278EF146003793CF /* Assets.xcassets in Resources */ = {isa = PBXBuildFile; fileRef = 4066E725278EF146003793CF /* Assets.xcassets */; };
		4066E729278EF146003793CF /* LaunchScreen.storyboard in Resources */ = {isa = PBXBuildFile; fileRef = 4066E727278EF146003793CF /* LaunchScreen.storyboard */; };
		4066E733278EF1B1003793CF /* CardCollectionViewCell.swift in Sources */ = {isa = PBXBuildFile; fileRef = 4066E732278EF1B1003793CF /* CardCollectionViewCell.swift */; };
		4066E735278EF1C9003793CF /* GameVC.swift in Sources */ = {isa = PBXBuildFile; fileRef = 4066E734278EF1C9003793CF /* GameVC.swift */; };
		407FBAB327A679CA004067A6 /* UIViewController+getVC.swift in Sources */ = {isa = PBXBuildFile; fileRef = 407FBAB227A679CA004067A6 /* UIViewController+getVC.swift */; };
		407FBAB527A67A55004067A6 /* UIStoryboard+main.swift in Sources */ = {isa = PBXBuildFile; fileRef = 407FBAB427A67A55004067A6 /* UIStoryboard+main.swift */; };
		407FBAB727A67CDA004067A6 /* CoreDataService.swift in Sources */ = {isa = PBXBuildFile; fileRef = 407FBAB627A67CDA004067A6 /* CoreDataService.swift */; };
		40CF9B3B27AC021600C25A4F /* Player+CoreDataClass.swift in Sources */ = {isa = PBXBuildFile; fileRef = 40CF9B3927AC021600C25A4F /* Player+CoreDataClass.swift */; };
		40CF9B3C27AC021600C25A4F /* Player+CoreDataProperties.swift in Sources */ = {isa = PBXBuildFile; fileRef = 40CF9B3A27AC021600C25A4F /* Player+CoreDataProperties.swift */; };
		40D3863F27A94B020075ACCB /* ScoreTableViewCell.swift in Sources */ = {isa = PBXBuildFile; fileRef = 40D3863E27A94B020075ACCB /* ScoreTableViewCell.swift */; };
		40D3864227A9855E0075ACCB /* BelweBT-Bold.ttf in Resources */ = {isa = PBXBuildFile; fileRef = 40D3864127A9855E0075ACCB /* BelweBT-Bold.ttf */; };
		40D3864427A989DD0075ACCB /* GameVC+navigationBarLabel.swift in Sources */ = {isa = PBXBuildFile; fileRef = 40D3864327A989DD0075ACCB /* GameVC+navigationBarLabel.swift */; };
/* End PBXBuildFile section */

/* Begin PBXFileReference section */
		40193A0727A9229200E19E7F /* ScoreVC.swift */ = {isa = PBXFileReference; lastKnownFileType = sourcecode.swift; path = ScoreVC.swift; sourceTree = "<group>"; };
		4029D74C2793E994009CF961 /* Card.swift */ = {isa = PBXFileReference; lastKnownFileType = sourcecode.swift; path = Card.swift; sourceTree = "<group>"; };
		4029D7742793F970009CF961 /* Game.swift */ = {isa = PBXFileReference; lastKnownFileType = sourcecode.swift; path = Game.swift; sourceTree = "<group>"; };
		405F98C027A5B65E00DD7148 /* Colors.swift */ = {isa = PBXFileReference; lastKnownFileType = sourcecode.swift; path = Colors.swift; sourceTree = "<group>"; };
		405F98C227A5B67D00DD7148 /* LoginVC.swift */ = {isa = PBXFileReference; lastKnownFileType = sourcecode.swift; path = LoginVC.swift; sourceTree = "<group>"; };
		4066E716278EF146003793CF /* ProjectGame.app */ = {isa = PBXFileReference; explicitFileType = wrapper.application; includeInIndex = 0; path = ProjectGame.app; sourceTree = BUILT_PRODUCTS_DIR; };
		4066E719278EF146003793CF /* AppDelegate.swift */ = {isa = PBXFileReference; lastKnownFileType = sourcecode.swift; path = AppDelegate.swift; sourceTree = "<group>"; };
		4066E71B278EF146003793CF /* SceneDelegate.swift */ = {isa = PBXFileReference; lastKnownFileType = sourcecode.swift; path = SceneDelegate.swift; sourceTree = "<group>"; };
		4066E720278EF146003793CF /* Base */ = {isa = PBXFileReference; lastKnownFileType = file.storyboard; name = Base; path = Base.lproj/Main.storyboard; sourceTree = "<group>"; };
		4066E723278EF146003793CF /* ProjectGame.xcdatamodel */ = {isa = PBXFileReference; lastKnownFileType = wrapper.xcdatamodel; path = ProjectGame.xcdatamodel; sourceTree = "<group>"; };
		4066E725278EF146003793CF /* Assets.xcassets */ = {isa = PBXFileReference; lastKnownFileType = folder.assetcatalog; path = Assets.xcassets; sourceTree = "<group>"; };
		4066E728278EF146003793CF /* Base */ = {isa = PBXFileReference; lastKnownFileType = file.storyboard; name = Base; path = Base.lproj/LaunchScreen.storyboard; sourceTree = "<group>"; };
		4066E72A278EF146003793CF /* Info.plist */ = {isa = PBXFileReference; lastKnownFileType = text.plist.xml; path = Info.plist; sourceTree = "<group>"; };
		4066E732278EF1B1003793CF /* CardCollectionViewCell.swift */ = {isa = PBXFileReference; lastKnownFileType = sourcecode.swift; path = CardCollectionViewCell.swift; sourceTree = "<group>"; };
		4066E734278EF1C9003793CF /* GameVC.swift */ = {isa = PBXFileReference; lastKnownFileType = sourcecode.swift; path = GameVC.swift; sourceTree = "<group>"; };
		407FBAB227A679CA004067A6 /* UIViewController+getVC.swift */ = {isa = PBXFileReference; lastKnownFileType = sourcecode.swift; path = "UIViewController+getVC.swift"; sourceTree = "<group>"; };
		407FBAB427A67A55004067A6 /* UIStoryboard+main.swift */ = {isa = PBXFileReference; lastKnownFileType = sourcecode.swift; path = "UIStoryboard+main.swift"; sourceTree = "<group>"; };
		407FBAB627A67CDA004067A6 /* CoreDataService.swift */ = {isa = PBXFileReference; lastKnownFileType = sourcecode.swift; path = CoreDataService.swift; sourceTree = "<group>"; };
		40CF9B3927AC021600C25A4F /* Player+CoreDataClass.swift */ = {isa = PBXFileReference; lastKnownFileType = sourcecode.swift; path = "Player+CoreDataClass.swift"; sourceTree = "<group>"; };
		40CF9B3A27AC021600C25A4F /* Player+CoreDataProperties.swift */ = {isa = PBXFileReference; lastKnownFileType = sourcecode.swift; path = "Player+CoreDataProperties.swift"; sourceTree = "<group>"; };
		40D3863E27A94B020075ACCB /* ScoreTableViewCell.swift */ = {isa = PBXFileReference; lastKnownFileType = sourcecode.swift; path = ScoreTableViewCell.swift; sourceTree = "<group>"; };
		40D3864127A9855E0075ACCB /* BelweBT-Bold.ttf */ = {isa = PBXFileReference; lastKnownFileType = file; name = "BelweBT-Bold.ttf"; path = "belwe_bd_bt/BelweBT-Bold.ttf"; sourceTree = "<group>"; };
		40D3864327A989DD0075ACCB /* GameVC+navigationBarLabel.swift */ = {isa = PBXFileReference; lastKnownFileType = sourcecode.swift; path = "GameVC+navigationBarLabel.swift"; sourceTree = "<group>"; };
/* End PBXFileReference section */

/* Begin PBXFrameworksBuildPhase section */
		4066E713278EF146003793CF /* Frameworks */ = {
			isa = PBXFrameworksBuildPhase;
			buildActionMask = 2147483647;
			files = (
			);
			runOnlyForDeploymentPostprocessing = 0;
		};
/* End PBXFrameworksBuildPhase section */

/* Begin PBXGroup section */
		400A8C7727A1C5F100576437 /* Resources */ = {
			isa = PBXGroup;
			children = (
				4066E727278EF146003793CF /* LaunchScreen.storyboard */,
				4066E725278EF146003793CF /* Assets.xcassets */,
				40193A0927A929B200E19E7F /* fonts */,
			);
			path = Resources;
			sourceTree = "<group>";
		};
		40193A0927A929B200E19E7F /* fonts */ = {
			isa = PBXGroup;
			children = (
				40D3864127A9855E0075ACCB /* BelweBT-Bold.ttf */,
			);
			path = fonts;
			sourceTree = "<group>";
		};
		4029D74E2793E99F009CF961 /* Models */ = {
			isa = PBXGroup;
			children = (
				4029D74C2793E994009CF961 /* Card.swift */,
				4029D7742793F970009CF961 /* Game.swift */,
			);
			path = Models;
			sourceTree = "<group>";
		};
		405F98BF27A58A7400DD7148 /* Extencions */ = {
			isa = PBXGroup;
			children = (
				405F98C027A5B65E00DD7148 /* Colors.swift */,
				40D3864327A989DD0075ACCB /* GameVC+navigationBarLabel.swift */,
				407FBABA27A67E84004067A6 /* Navigation */,
			);
			path = Extencions;
			sourceTree = "<group>";
		};
		4066E70D278EF146003793CF = {
			isa = PBXGroup;
			children = (
				4066E718278EF146003793CF /* ProjectGame */,
				4066E717278EF146003793CF /* Products */,
			);
			sourceTree = "<group>";
		};
		4066E717278EF146003793CF /* Products */ = {
			isa = PBXGroup;
			children = (
				4066E716278EF146003793CF /* ProjectGame.app */,
			);
			name = Products;
			sourceTree = "<group>";
		};
		4066E718278EF146003793CF /* ProjectGame */ = {
			isa = PBXGroup;
			children = (
				407FBAB827A67CE5004067A6 /* Services */,
				4066E730278EF160003793CF /* App */,
				405F98BF27A58A7400DD7148 /* Extencions */,
				4029D74E2793E99F009CF961 /* Models */,
				4066E731278EF189003793CF /* Modules */,
				400A8C7727A1C5F100576437 /* Resources */,
				4066E72A278EF146003793CF /* Info.plist */,
			);
			path = ProjectGame;
			sourceTree = "<group>";
		};
		4066E730278EF160003793CF /* App */ = {
			isa = PBXGroup;
			children = (
				4066E719278EF146003793CF /* AppDelegate.swift */,
				4066E71B278EF146003793CF /* SceneDelegate.swift */,
			);
			path = App;
			sourceTree = "<group>";
		};
		4066E731278EF189003793CF /* Modules */ = {
			isa = PBXGroup;
			children = (
				4066E71F278EF146003793CF /* Main.storyboard */,
				4066E736278EF1D3003793CF /* GameVC */,
			);
			path = Modules;
			sourceTree = "<group>";
		};
		4066E736278EF1D3003793CF /* GameVC */ = {
			isa = PBXGroup;
			children = (
				4066E737278EF1DE003793CF /* Cell */,
				405F98C227A5B67D00DD7148 /* LoginVC.swift */,
				4066E734278EF1C9003793CF /* GameVC.swift */,
				40193A0727A9229200E19E7F /* ScoreVC.swift */,
			);
			path = GameVC;
			sourceTree = "<group>";
		};
		4066E737278EF1DE003793CF /* Cell */ = {
			isa = PBXGroup;
			children = (
				4066E732278EF1B1003793CF /* CardCollectionViewCell.swift */,
				40D3863E27A94B020075ACCB /* ScoreTableViewCell.swift */,
			);
			path = Cell;
			sourceTree = "<group>";
		};
		407FBAB827A67CE5004067A6 /* Services */ = {
			isa = PBXGroup;
			children = (
				407FBAB927A67E2A004067A6 /* CoreData */,
			);
			name = Services;
			sourceTree = "<group>";
		};
		407FBAB927A67E2A004067A6 /* CoreData */ = {
			isa = PBXGroup;
			children = (
				40CF9B3827AC015800C25A4F /* CDModels */,
				407FBAB627A67CDA004067A6 /* CoreDataService.swift */,
				4066E722278EF146003793CF /* ProjectGame.xcdatamodeld */,
			);
			name = CoreData;
			sourceTree = "<group>";
		};
		407FBABA27A67E84004067A6 /* Navigation */ = {
			isa = PBXGroup;
			children = (
				407FBAB227A679CA004067A6 /* UIViewController+getVC.swift */,
				407FBAB427A67A55004067A6 /* UIStoryboard+main.swift */,
			);
			path = Navigation;
			sourceTree = "<group>";
		};
		40CF9B3827AC015800C25A4F /* CDModels */ = {
			isa = PBXGroup;
			children = (
				40CF9B3927AC021600C25A4F /* Player+CoreDataClass.swift */,
				40CF9B3A27AC021600C25A4F /* Player+CoreDataProperties.swift */,
			);
			path = CDModels;
			sourceTree = "<group>";
		};
/* End PBXGroup section */

/* Begin PBXNativeTarget section */
		4066E715278EF146003793CF /* ProjectGame */ = {
			isa = PBXNativeTarget;
			buildConfigurationList = 4066E72D278EF146003793CF /* Build configuration list for PBXNativeTarget "ProjectGame" */;
			buildPhases = (
				4066E712278EF146003793CF /* Sources */,
				4066E713278EF146003793CF /* Frameworks */,
				4066E714278EF146003793CF /* Resources */,
			);
			buildRules = (
			);
			dependencies = (
			);
			name = ProjectGame;
			productName = ProjectGame;
			productReference = 4066E716278EF146003793CF /* ProjectGame.app */;
			productType = "com.apple.product-type.application";
		};
/* End PBXNativeTarget section */

/* Begin PBXProject section */
		4066E70E278EF146003793CF /* Project object */ = {
			isa = PBXProject;
			attributes = {
				BuildIndependentTargetsInParallel = 1;
				LastSwiftUpdateCheck = 1320;
				LastUpgradeCheck = 1320;
				TargetAttributes = {
					4066E715278EF146003793CF = {
						CreatedOnToolsVersion = 13.2.1;
					};
				};
			};
			buildConfigurationList = 4066E711278EF146003793CF /* Build configuration list for PBXProject "ProjectGame" */;
			compatibilityVersion = "Xcode 13.0";
			developmentRegion = en;
			hasScannedForEncodings = 0;
			knownRegions = (
				en,
				Base,
			);
			mainGroup = 4066E70D278EF146003793CF;
			productRefGroup = 4066E717278EF146003793CF /* Products */;
			projectDirPath = "";
			projectRoot = "";
			targets = (
				4066E715278EF146003793CF /* ProjectGame */,
			);
		};
/* End PBXProject section */

/* Begin PBXResourcesBuildPhase section */
		4066E714278EF146003793CF /* Resources */ = {
			isa = PBXResourcesBuildPhase;
			buildActionMask = 2147483647;
			files = (
				40D3864227A9855E0075ACCB /* BelweBT-Bold.ttf in Resources */,
				4066E729278EF146003793CF /* LaunchScreen.storyboard in Resources */,
				4066E726278EF146003793CF /* Assets.xcassets in Resources */,
				4066E721278EF146003793CF /* Main.storyboard in Resources */,
			);
			runOnlyForDeploymentPostprocessing = 0;
		};
/* End PBXResourcesBuildPhase section */

/* Begin PBXSourcesBuildPhase section */
		4066E712278EF146003793CF /* Sources */ = {
			isa = PBXSourcesBuildPhase;
			buildActionMask = 2147483647;
			files = (
				407FBAB327A679CA004067A6 /* UIViewController+getVC.swift in Sources */,
				40CF9B3C27AC021600C25A4F /* Player+CoreDataProperties.swift in Sources */,
				4029D7752793F970009CF961 /* Game.swift in Sources */,
				40D3863F27A94B020075ACCB /* ScoreTableViewCell.swift in Sources */,
				405F98C127A5B65E00DD7148 /* Colors.swift in Sources */,
				4066E733278EF1B1003793CF /* CardCollectionViewCell.swift in Sources */,
				407FBAB727A67CDA004067A6 /* CoreDataService.swift in Sources */,
				40CF9B3B27AC021600C25A4F /* Player+CoreDataClass.swift in Sources */,
				40193A0827A9229200E19E7F /* ScoreVC.swift in Sources */,
				4029D74D2793E994009CF961 /* Card.swift in Sources */,
				40D3864427A989DD0075ACCB /* GameVC+navigationBarLabel.swift in Sources */,
				4066E724278EF146003793CF /* ProjectGame.xcdatamodeld in Sources */,
				405F98C327A5B67D00DD7148 /* LoginVC.swift in Sources */,
				4066E71A278EF146003793CF /* AppDelegate.swift in Sources */,
				4066E735278EF1C9003793CF /* GameVC.swift in Sources */,
				4066E71C278EF146003793CF /* SceneDelegate.swift in Sources */,
				407FBAB527A67A55004067A6 /* UIStoryboard+main.swift in Sources */,
			);
			runOnlyForDeploymentPostprocessing = 0;
		};
/* End PBXSourcesBuildPhase section */

/* Begin PBXVariantGroup section */
		4066E71F278EF146003793CF /* Main.storyboard */ = {
			isa = PBXVariantGroup;
			children = (
				4066E720278EF146003793CF /* Base */,
			);
			name = Main.storyboard;
			sourceTree = "<group>";
		};
		4066E727278EF146003793CF /* LaunchScreen.storyboard */ = {
			isa = PBXVariantGroup;
			children = (
				4066E728278EF146003793CF /* Base */,
			);
			name = LaunchScreen.storyboard;
			sourceTree = "<group>";
		};
/* End PBXVariantGroup section */

/* Begin XCBuildConfiguration section */
		4066E72B278EF146003793CF /* Debug */ = {
			isa = XCBuildConfiguration;
			buildSettings = {
				ALWAYS_SEARCH_USER_PATHS = NO;
				CLANG_ANALYZER_NONNULL = YES;
				CLANG_ANALYZER_NUMBER_OBJECT_CONVERSION = YES_AGGRESSIVE;
				CLANG_CXX_LANGUAGE_STANDARD = "gnu++17";
				CLANG_CXX_LIBRARY = "libc++";
				CLANG_ENABLE_MODULES = YES;
				CLANG_ENABLE_OBJC_ARC = YES;
				CLANG_ENABLE_OBJC_WEAK = YES;
				CLANG_WARN_BLOCK_CAPTURE_AUTORELEASING = YES;
				CLANG_WARN_BOOL_CONVERSION = YES;
				CLANG_WARN_COMMA = YES;
				CLANG_WARN_CONSTANT_CONVERSION = YES;
				CLANG_WARN_DEPRECATED_OBJC_IMPLEMENTATIONS = YES;
				CLANG_WARN_DIRECT_OBJC_ISA_USAGE = YES_ERROR;
				CLANG_WARN_DOCUMENTATION_COMMENTS = YES;
				CLANG_WARN_EMPTY_BODY = YES;
				CLANG_WARN_ENUM_CONVERSION = YES;
				CLANG_WARN_INFINITE_RECURSION = YES;
				CLANG_WARN_INT_CONVERSION = YES;
				CLANG_WARN_NON_LITERAL_NULL_CONVERSION = YES;
				CLANG_WARN_OBJC_IMPLICIT_RETAIN_SELF = YES;
				CLANG_WARN_OBJC_LITERAL_CONVERSION = YES;
				CLANG_WARN_OBJC_ROOT_CLASS = YES_ERROR;
				CLANG_WARN_QUOTED_INCLUDE_IN_FRAMEWORK_HEADER = YES;
				CLANG_WARN_RANGE_LOOP_ANALYSIS = YES;
				CLANG_WARN_STRICT_PROTOTYPES = YES;
				CLANG_WARN_SUSPICIOUS_MOVE = YES;
				CLANG_WARN_UNGUARDED_AVAILABILITY = YES_AGGRESSIVE;
				CLANG_WARN_UNREACHABLE_CODE = YES;
				CLANG_WARN__DUPLICATE_METHOD_MATCH = YES;
				COPY_PHASE_STRIP = NO;
				DEBUG_INFORMATION_FORMAT = dwarf;
				ENABLE_STRICT_OBJC_MSGSEND = YES;
				ENABLE_TESTABILITY = YES;
				GCC_C_LANGUAGE_STANDARD = gnu11;
				GCC_DYNAMIC_NO_PIC = NO;
				GCC_NO_COMMON_BLOCKS = YES;
				GCC_OPTIMIZATION_LEVEL = 0;
				GCC_PREPROCESSOR_DEFINITIONS = (
					"DEBUG=1",
					"$(inherited)",
				);
				GCC_WARN_64_TO_32_BIT_CONVERSION = YES;
				GCC_WARN_ABOUT_RETURN_TYPE = YES_ERROR;
				GCC_WARN_UNDECLARED_SELECTOR = YES;
				GCC_WARN_UNINITIALIZED_AUTOS = YES_AGGRESSIVE;
				GCC_WARN_UNUSED_FUNCTION = YES;
				GCC_WARN_UNUSED_VARIABLE = YES;
				IPHONEOS_DEPLOYMENT_TARGET = 15.2;
				MTL_ENABLE_DEBUG_INFO = INCLUDE_SOURCE;
				MTL_FAST_MATH = YES;
				ONLY_ACTIVE_ARCH = YES;
				SDKROOT = iphoneos;
				SWIFT_ACTIVE_COMPILATION_CONDITIONS = DEBUG;
				SWIFT_OPTIMIZATION_LEVEL = "-Onone";
			};
			name = Debug;
		};
		4066E72C278EF146003793CF /* Release */ = {
			isa = XCBuildConfiguration;
			buildSettings = {
				ALWAYS_SEARCH_USER_PATHS = NO;
				CLANG_ANALYZER_NONNULL = YES;
				CLANG_ANALYZER_NUMBER_OBJECT_CONVERSION = YES_AGGRESSIVE;
				CLANG_CXX_LANGUAGE_STANDARD = "gnu++17";
				CLANG_CXX_LIBRARY = "libc++";
				CLANG_ENABLE_MODULES = YES;
				CLANG_ENABLE_OBJC_ARC = YES;
				CLANG_ENABLE_OBJC_WEAK = YES;
				CLANG_WARN_BLOCK_CAPTURE_AUTORELEASING = YES;
				CLANG_WARN_BOOL_CONVERSION = YES;
				CLANG_WARN_COMMA = YES;
				CLANG_WARN_CONSTANT_CONVERSION = YES;
				CLANG_WARN_DEPRECATED_OBJC_IMPLEMENTATIONS = YES;
				CLANG_WARN_DIRECT_OBJC_ISA_USAGE = YES_ERROR;
				CLANG_WARN_DOCUMENTATION_COMMENTS = YES;
				CLANG_WARN_EMPTY_BODY = YES;
				CLANG_WARN_ENUM_CONVERSION = YES;
				CLANG_WARN_INFINITE_RECURSION = YES;
				CLANG_WARN_INT_CONVERSION = YES;
				CLANG_WARN_NON_LITERAL_NULL_CONVERSION = YES;
				CLANG_WARN_OBJC_IMPLICIT_RETAIN_SELF = YES;
				CLANG_WARN_OBJC_LITERAL_CONVERSION = YES;
				CLANG_WARN_OBJC_ROOT_CLASS = YES_ERROR;
				CLANG_WARN_QUOTED_INCLUDE_IN_FRAMEWORK_HEADER = YES;
				CLANG_WARN_RANGE_LOOP_ANALYSIS = YES;
				CLANG_WARN_STRICT_PROTOTYPES = YES;
				CLANG_WARN_SUSPICIOUS_MOVE = YES;
				CLANG_WARN_UNGUARDED_AVAILABILITY = YES_AGGRESSIVE;
				CLANG_WARN_UNREACHABLE_CODE = YES;
				CLANG_WARN__DUPLICATE_METHOD_MATCH = YES;
				COPY_PHASE_STRIP = NO;
				DEBUG_INFORMATION_FORMAT = "dwarf-with-dsym";
				ENABLE_NS_ASSERTIONS = NO;
				ENABLE_STRICT_OBJC_MSGSEND = YES;
				GCC_C_LANGUAGE_STANDARD = gnu11;
				GCC_NO_COMMON_BLOCKS = YES;
				GCC_WARN_64_TO_32_BIT_CONVERSION = YES;
				GCC_WARN_ABOUT_RETURN_TYPE = YES_ERROR;
				GCC_WARN_UNDECLARED_SELECTOR = YES;
				GCC_WARN_UNINITIALIZED_AUTOS = YES_AGGRESSIVE;
				GCC_WARN_UNUSED_FUNCTION = YES;
				GCC_WARN_UNUSED_VARIABLE = YES;
				IPHONEOS_DEPLOYMENT_TARGET = 15.2;
				MTL_ENABLE_DEBUG_INFO = NO;
				MTL_FAST_MATH = YES;
				SDKROOT = iphoneos;
				SWIFT_COMPILATION_MODE = wholemodule;
				SWIFT_OPTIMIZATION_LEVEL = "-O";
				VALIDATE_PRODUCT = YES;
			};
			name = Release;
		};
		4066E72E278EF146003793CF /* Debug */ = {
			isa = XCBuildConfiguration;
			buildSettings = {
				ASSETCATALOG_COMPILER_APPICON_NAME = AppIcon;
				ASSETCATALOG_COMPILER_GLOBAL_ACCENT_COLOR_NAME = AccentColor;
				CODE_SIGN_STYLE = Automatic;
				CURRENT_PROJECT_VERSION = 1;
				DEVELOPMENT_TEAM = CK7G8B5AC6;
				GENERATE_INFOPLIST_FILE = YES;
				INFOPLIST_FILE = ProjectGame/Info.plist;
				INFOPLIST_KEY_UIApplicationSupportsIndirectInputEvents = YES;
				INFOPLIST_KEY_UILaunchStoryboardName = LaunchScreen;
				INFOPLIST_KEY_UIMainStoryboardFile = Main;
				INFOPLIST_KEY_UISupportedInterfaceOrientations_iPad = "UIInterfaceOrientationPortrait UIInterfaceOrientationPortraitUpsideDown UIInterfaceOrientationLandscapeLeft UIInterfaceOrientationLandscapeRight";
				INFOPLIST_KEY_UISupportedInterfaceOrientations_iPhone = "UIInterfaceOrientationPortrait UIInterfaceOrientationLandscapeLeft UIInterfaceOrientationLandscapeRight";
				LD_RUNPATH_SEARCH_PATHS = (
					"$(inherited)",
					"@executable_path/Frameworks",
				);
				MARKETING_VERSION = 1.0;
				PRODUCT_BUNDLE_IDENTIFIER = d.o.kononov.ProjectGame;
				PRODUCT_NAME = "$(TARGET_NAME)";
				SWIFT_EMIT_LOC_STRINGS = YES;
				SWIFT_VERSION = 5.0;
				TARGETED_DEVICE_FAMILY = "1,2";
			};
			name = Debug;
		};
		4066E72F278EF146003793CF /* Release */ = {
			isa = XCBuildConfiguration;
			buildSettings = {
				ASSETCATALOG_COMPILER_APPICON_NAME = AppIcon;
				ASSETCATALOG_COMPILER_GLOBAL_ACCENT_COLOR_NAME = AccentColor;
				CODE_SIGN_STYLE = Automatic;
				CURRENT_PROJECT_VERSION = 1;
				DEVELOPMENT_TEAM = CK7G8B5AC6;
				GENERATE_INFOPLIST_FILE = YES;
				INFOPLIST_FILE = ProjectGame/Info.plist;
				INFOPLIST_KEY_UIApplicationSupportsIndirectInputEvents = YES;
				INFOPLIST_KEY_UILaunchStoryboardName = LaunchScreen;
				INFOPLIST_KEY_UIMainStoryboardFile = Main;
				INFOPLIST_KEY_UISupportedInterfaceOrientations_iPad = "UIInterfaceOrientationPortrait UIInterfaceOrientationPortraitUpsideDown UIInterfaceOrientationLandscapeLeft UIInterfaceOrientationLandscapeRight";
				INFOPLIST_KEY_UISupportedInterfaceOrientations_iPhone = "UIInterfaceOrientationPortrait UIInterfaceOrientationLandscapeLeft UIInterfaceOrientationLandscapeRight";
				LD_RUNPATH_SEARCH_PATHS = (
					"$(inherited)",
					"@executable_path/Frameworks",
				);
				MARKETING_VERSION = 1.0;
				PRODUCT_BUNDLE_IDENTIFIER = d.o.kononov.ProjectGame;
				PRODUCT_NAME = "$(TARGET_NAME)";
				SWIFT_EMIT_LOC_STRINGS = YES;
				SWIFT_VERSION = 5.0;
				TARGETED_DEVICE_FAMILY = "1,2";
			};
			name = Release;
		};
/* End XCBuildConfiguration section */

/* Begin XCConfigurationList section */
		4066E711278EF146003793CF /* Build configuration list for PBXProject "ProjectGame" */ = {
			isa = XCConfigurationList;
			buildConfigurations = (
				4066E72B278EF146003793CF /* Debug */,
				4066E72C278EF146003793CF /* Release */,
			);
			defaultConfigurationIsVisible = 0;
			defaultConfigurationName = Release;
		};
		4066E72D278EF146003793CF /* Build configuration list for PBXNativeTarget "ProjectGame" */ = {
			isa = XCConfigurationList;
			buildConfigurations = (
				4066E72E278EF146003793CF /* Debug */,
				4066E72F278EF146003793CF /* Release */,
			);
			defaultConfigurationIsVisible = 0;
			defaultConfigurationName = Release;
		};
/* End XCConfigurationList section */

/* Begin XCVersionGroup section */
		4066E722278EF146003793CF /* ProjectGame.xcdatamodeld */ = {
			isa = XCVersionGroup;
			children = (
				4066E723278EF146003793CF /* ProjectGame.xcdatamodel */,
			);
			currentVersion = 4066E723278EF146003793CF /* ProjectGame.xcdatamodel */;
			path = ProjectGame.xcdatamodeld;
			sourceTree = "<group>";
			versionGroupType = wrapper.xcdatamodel;
		};
/* End XCVersionGroup section */
	};
	rootObject = 4066E70E278EF146003793CF /* Project object */;
}
